
Microsoft Visual Studio Solution File, Format Version 12.00
# Visual Studio Version 17
VisualStudioVersion = 17.14.36811.4 d17.14
MinimumVisualStudioVersion = 10.0.40219.1
Project("{FAE04EC0-301F-11D3-BF4B-00C04F79EFBC}") = "presentacion", "presentacion\presentacion.csproj", "{12E89DE4-3540-4839-9DB3-E2C97A12A97B}"
EndProject
Global
	GlobalSection(SolutionConfigurationPlatforms) = preSolution
		Debug|Any CPU = Debug|Any CPU
		Release|Any CPU = Release|Any CPU
	EndGlobalSection
	GlobalSection(ProjectConfigurationPlatforms) = postSolution
		{12E89DE4-3540-4839-9DB3-E2C97A12A97B}.Debug|Any CPU.ActiveCfg = Debug|Any CPU
		{12E89DE4-3540-4839-9DB3-E2C97A12A97B}.Debug|Any CPU.Build.0 = Debug|Any CPU
		{12E89DE4-3540-4839-9DB3-E2C97A12A97B}.Release|Any CPU.ActiveCfg = Release|Any CPU
		{12E89DE4-3540-4839-9DB3-E2C97A12A97B}.Release|Any CPU.Build.0 = Release|Any CPU
	EndGlobalSection
	GlobalSection(SolutionProperties) = preSolution
		HideSolutionNode = FALSE
	EndGlobalSection
	GlobalSection(ExtensibilityGlobals) = postSolution
		SolutionGuid = {60739A28-D4F1-4717-8470-2DD1A1856317}
	EndGlobalSection
EndGlobal
